
Microsoft Visual Studio Solution File, Format Version 12.00
# Visual Studio 15
VisualStudioVersion = 15.0.28307.329
MinimumVisualStudioVersion = 10.0.40219.1
Project("{FAE04EC0-301F-11D3-BF4B-00C04F79EFBC}") = "TickTackToeApp", "TickTackToeApp\TickTackToeApp.csproj", "{2AC84487-1F31-496E-94D0-0C95C2CB4301}"
EndProject
Global
	GlobalSection(SolutionConfigurationPlatforms) = preSolution
		Debug|Any CPU = Debug|Any CPU
		Release|Any CPU = Release|Any CPU
	EndGlobalSection
	GlobalSection(ProjectConfigurationPlatforms) = postSolution
		{2AC84487-1F31-496E-94D0-0C95C2CB4301}.Debug|Any CPU.ActiveCfg = Debug|Any CPU
		{2AC84487-1F31-496E-94D0-0C95C2CB4301}.Debug|Any CPU.Build.0 = Debug|Any CPU
		{2AC84487-1F31-496E-94D0-0C95C2CB4301}.Release|Any CPU.ActiveCfg = Release|Any CPU
		{2AC84487-1F31-496E-94D0-0C95C2CB4301}.Release|Any CPU.Build.0 = Release|Any CPU
	EndGlobalSection
	GlobalSection(SolutionProperties) = preSolution
		HideSolutionNode = FALSE
	EndGlobalSection
	GlobalSection(ExtensibilityGlobals) = postSolution
		SolutionGuid = {D14615B1-6F52-4E7E-96B3-62B9BE6857FB}
	EndGlobalSection
EndGlobal
